
Microsoft Visual Studio Solution File, Format Version 12.00
# Visual Studio 2013
VisualStudioVersion = 12.0.21005.1
MinimumVisualStudioVersion = 10.0.40219.1
Project("{FAE04EC0-301F-11D3-BF4B-00C04F79EFBC}") = "mine.core", "mine.core\mine.core.csproj", "{BF6F845D-C1EE-4D47-BF70-A41BEE812C52}"
EndProject
Project("{FAE04EC0-301F-11D3-BF4B-00C04F79EFBC}") = "mine.services", "mine.services\mine.services.csproj", "{3E6761D1-69FE-43A6-958F-6F9F2B96352B}"
EndProject
Project("{FAE04EC0-301F-11D3-BF4B-00C04F79EFBC}") = "mine.web", "mine.web\mine.web.csproj", "{BE4C8E0B-0F29-4A73-AFF8-76977C93F890}"
EndProject
Project("{FAE04EC0-301F-11D3-BF4B-00C04F79EFBC}") = "mine.data", "mine.data\mine.data.csproj", "{A886A61E-01C7-411E-8F1C-9F219C279BC3}"
EndProject
Project("{FAE04EC0-301F-11D3-BF4B-00C04F79EFBC}") = "mine.web.framework", "mine.web.framework\mine.web.framework.csproj", "{C57A4B3E-F07A-4AD8-8B40-5F3E9EE182E7}"
EndProject
Project("{2150E333-8FDC-42A3-9474-1A3956D46DE8}") = "mine.test", "mine.test", "{614004E1-BD7C-42AF-8677-3E91DE35E87A}"
EndProject
Project("{FAE04EC0-301F-11D3-BF4B-00C04F79EFBC}") = "mine.test.web", "mine.test\mine.test.web\mine.test.web.csproj", "{659887C4-014B-4583-B0E5-6F27F3046982}"
EndProject
Global
	GlobalSection(SolutionConfigurationPlatforms) = preSolution
		Debug|Any CPU = Debug|Any CPU
		Release|Any CPU = Release|Any CPU
	EndGlobalSection
	GlobalSection(ProjectConfigurationPlatforms) = postSolution
		{BF6F845D-C1EE-4D47-BF70-A41BEE812C52}.Debug|Any CPU.ActiveCfg = Debug|Any CPU
		{BF6F845D-C1EE-4D47-BF70-A41BEE812C52}.Debug|Any CPU.Build.0 = Debug|Any CPU
		{BF6F845D-C1EE-4D47-BF70-A41BEE812C52}.Release|Any CPU.ActiveCfg = Release|Any CPU
		{BF6F845D-C1EE-4D47-BF70-A41BEE812C52}.Release|Any CPU.Build.0 = Release|Any CPU
		{3E6761D1-69FE-43A6-958F-6F9F2B96352B}.Debug|Any CPU.ActiveCfg = Debug|Any CPU
		{3E6761D1-69FE-43A6-958F-6F9F2B96352B}.Debug|Any CPU.Build.0 = Debug|Any CPU
		{3E6761D1-69FE-43A6-958F-6F9F2B96352B}.Release|Any CPU.ActiveCfg = Release|Any CPU
		{3E6761D1-69FE-43A6-958F-6F9F2B96352B}.Release|Any CPU.Build.0 = Release|Any CPU
		{BE4C8E0B-0F29-4A73-AFF8-76977C93F890}.Debug|Any CPU.ActiveCfg = Debug|Any CPU
		{BE4C8E0B-0F29-4A73-AFF8-76977C93F890}.Debug|Any CPU.Build.0 = Debug|Any CPU
		{BE4C8E0B-0F29-4A73-AFF8-76977C93F890}.Release|Any CPU.ActiveCfg = Release|Any CPU
		{BE4C8E0B-0F29-4A73-AFF8-76977C93F890}.Release|Any CPU.Build.0 = Release|Any CPU
		{A886A61E-01C7-411E-8F1C-9F219C279BC3}.Debug|Any CPU.ActiveCfg = Debug|Any CPU
		{A886A61E-01C7-411E-8F1C-9F219C279BC3}.Debug|Any CPU.Build.0 = Debug|Any CPU
		{A886A61E-01C7-411E-8F1C-9F219C279BC3}.Release|Any CPU.ActiveCfg = Release|Any CPU
		{A886A61E-01C7-411E-8F1C-9F219C279BC3}.Release|Any CPU.Build.0 = Release|Any CPU
		{C57A4B3E-F07A-4AD8-8B40-5F3E9EE182E7}.Debug|Any CPU.ActiveCfg = Debug|Any CPU
		{C57A4B3E-F07A-4AD8-8B40-5F3E9EE182E7}.Debug|Any CPU.Build.0 = Debug|Any CPU
		{C57A4B3E-F07A-4AD8-8B40-5F3E9EE182E7}.Release|Any CPU.ActiveCfg = Release|Any CPU
		{C57A4B3E-F07A-4AD8-8B40-5F3E9EE182E7}.Release|Any CPU.Build.0 = Release|Any CPU
		{659887C4-014B-4583-B0E5-6F27F3046982}.Debug|Any CPU.ActiveCfg = Debug|Any CPU
		{659887C4-014B-4583-B0E5-6F27F3046982}.Debug|Any CPU.Build.0 = Debug|Any CPU
		{659887C4-014B-4583-B0E5-6F27F3046982}.Release|Any CPU.ActiveCfg = Release|Any CPU
		{659887C4-014B-4583-B0E5-6F27F3046982}.Release|Any CPU.Build.0 = Release|Any CPU
	EndGlobalSection
	GlobalSection(SolutionProperties) = preSolution
		HideSolutionNode = FALSE
	EndGlobalSection
	GlobalSection(NestedProjects) = preSolution
		{659887C4-014B-4583-B0E5-6F27F3046982} = {614004E1-BD7C-42AF-8677-3E91DE35E87A}
	EndGlobalSection
EndGlobal
